
Microsoft Visual Studio Solution File, Format Version 12.00
# Visual Studio 14
VisualStudioVersion = 14.0.25420.1
MinimumVisualStudioVersion = 10.0.40219.1
Project("{FAE04EC0-301F-11D3-BF4B-00C04F79EFBC}") = "Win.BindingManual", "Win.BindingManual\Win.BindingManual.csproj", "{103B72E8-B1C5-4514-A267-0734F3AC8001}"
EndProject
Project("{FAE04EC0-301F-11D3-BF4B-00C04F79EFBC}") = "DAL.BindingManual", "DAL.BindingManual\DAL.BindingManual.csproj", "{9E7E0763-013F-4E37-9663-84FAB5E4D461}"
EndProject
Global
	GlobalSection(SolutionConfigurationPlatforms) = preSolution
		Debug|Any CPU = Debug|Any CPU
		Release|Any CPU = Release|Any CPU
	EndGlobalSection
	GlobalSection(ProjectConfigurationPlatforms) = postSolution
		{103B72E8-B1C5-4514-A267-0734F3AC8001}.Debug|Any CPU.ActiveCfg = Debug|Any CPU
		{103B72E8-B1C5-4514-A267-0734F3AC8001}.Debug|Any CPU.Build.0 = Debug|Any CPU
		{103B72E8-B1C5-4514-A267-0734F3AC8001}.Release|Any CPU.ActiveCfg = Release|Any CPU
		{103B72E8-B1C5-4514-A267-0734F3AC8001}.Release|Any CPU.Build.0 = Release|Any CPU
		{9E7E0763-013F-4E37-9663-84FAB5E4D461}.Debug|Any CPU.ActiveCfg = Debug|Any CPU
		{9E7E0763-013F-4E37-9663-84FAB5E4D461}.Debug|Any CPU.Build.0 = Debug|Any CPU
		{9E7E0763-013F-4E37-9663-84FAB5E4D461}.Release|Any CPU.ActiveCfg = Release|Any CPU
		{9E7E0763-013F-4E37-9663-84FAB5E4D461}.Release|Any CPU.Build.0 = Release|Any CPU
	EndGlobalSection
	GlobalSection(SolutionProperties) = preSolution
		HideSolutionNode = FALSE
	EndGlobalSection
EndGlobal
